// !$*UTF8*$!
{
	archiveVersion = 1;
	classes = {
	};
	objectVersion = 46;
	objects = {

/* Begin PBXBuildFile section */
		B674B8731E97892800960885 /* AppDelegate.swift in Sources */ = {isa = PBXBuildFile; fileRef = B674B8721E97892800960885 /* AppDelegate.swift */; };
		B674B8751E97892800960885 /* GameScene.sks in Resources */ = {isa = PBXBuildFile; fileRef = B674B8741E97892800960885 /* GameScene.sks */; };
		B674B8771E97892800960885 /* Actions.sks in Resources */ = {isa = PBXBuildFile; fileRef = B674B8761E97892800960885 /* Actions.sks */; };
		B674B8791E97892800960885 /* GameScene.swift in Sources */ = {isa = PBXBuildFile; fileRef = B674B8781E97892800960885 /* GameScene.swift */; };
		B674B87B1E97892800960885 /* GameViewController.swift in Sources */ = {isa = PBXBuildFile; fileRef = B674B87A1E97892800960885 /* GameViewController.swift */; };
		B674B87E1E97892800960885 /* Main.storyboard in Resources */ = {isa = PBXBuildFile; fileRef = B674B87C1E97892800960885 /* Main.storyboard */; };
		B674B8801E97892800960885 /* Assets.xcassets in Resources */ = {isa = PBXBuildFile; fileRef = B674B87F1E97892800960885 /* Assets.xcassets */; };
		B674B8831E97892800960885 /* LaunchScreen.storyboard in Resources */ = {isa = PBXBuildFile; fileRef = B674B8811E97892800960885 /* LaunchScreen.storyboard */; };
		B674B88D1E97898500960885 /* MonsterList.swift in Sources */ = {isa = PBXBuildFile; fileRef = B674B88C1E97898500960885 /* MonsterList.swift */; };
		B674B88F1E9789F600960885 /* MonsterInfoModel.swift in Sources */ = {isa = PBXBuildFile; fileRef = B674B88E1E9789F600960885 /* MonsterInfoModel.swift */; };
		B6F758061EA60DE9003F3611 /* MonsterListCell.swift in Sources */ = {isa = PBXBuildFile; fileRef = B6F758051EA60DE9003F3611 /* MonsterListCell.swift */; };
		B6F7580A1EA617D8003F3611 /* MonsterListCell.xib in Resources */ = {isa = PBXBuildFile; fileRef = B6F758091EA617D8003F3611 /* MonsterListCell.xib */; };
/* End PBXBuildFile section */

/* Begin PBXFileReference section */
		B674B86F1E97892800960885 /* Magictower.app */ = {isa = PBXFileReference; explicitFileType = wrapper.application; includeInIndex = 0; path = Magictower.app; sourceTree = BUILT_PRODUCTS_DIR; };
		B674B8721E97892800960885 /* AppDelegate.swift */ = {isa = PBXFileReference; lastKnownFileType = sourcecode.swift; path = AppDelegate.swift; sourceTree = "<group>"; };
		B674B8741E97892800960885 /* GameScene.sks */ = {isa = PBXFileReference; lastKnownFileType = file.sks; path = GameScene.sks; sourceTree = "<group>"; };
		B674B8761E97892800960885 /* Actions.sks */ = {isa = PBXFileReference; lastKnownFileType = file.sks; path = Actions.sks; sourceTree = "<group>"; };
		B674B8781E97892800960885 /* GameScene.swift */ = {isa = PBXFileReference; lastKnownFileType = sourcecode.swift; path = GameScene.swift; sourceTree = "<group>"; };
		B674B87A1E97892800960885 /* GameViewController.swift */ = {isa = PBXFileReference; lastKnownFileType = sourcecode.swift; path = GameViewController.swift; sourceTree = "<group>"; };
		B674B87D1E97892800960885 /* Base */ = {isa = PBXFileReference; lastKnownFileType = file.storyboard; name = Base; path = Base.lproj/Main.storyboard; sourceTree = "<group>"; };
		B674B87F1E97892800960885 /* Assets.xcassets */ = {isa = PBXFileReference; lastKnownFileType = folder.assetcatalog; path = Assets.xcassets; sourceTree = "<group>"; };
		B674B8821E97892800960885 /* Base */ = {isa = PBXFileReference; lastKnownFileType = file.storyboard; name = Base; path = Base.lproj/LaunchScreen.storyboard; sourceTree = "<group>"; };
		B674B8841E97892800960885 /* Info.plist */ = {isa = PBXFileReference; lastKnownFileType = text.plist.xml; path = Info.plist; sourceTree = "<group>"; };
		B674B88C1E97898500960885 /* MonsterList.swift */ = {isa = PBXFileReference; fileEncoding = 4; lastKnownFileType = sourcecode.swift; path = MonsterList.swift; sourceTree = "<group>"; };
		B674B88E1E9789F600960885 /* MonsterInfoModel.swift */ = {isa = PBXFileReference; fileEncoding = 4; lastKnownFileType = sourcecode.swift; path = MonsterInfoModel.swift; sourceTree = "<group>"; };
		B6F758051EA60DE9003F3611 /* MonsterListCell.swift */ = {isa = PBXFileReference; fileEncoding = 4; lastKnownFileType = sourcecode.swift; path = MonsterListCell.swift; sourceTree = "<group>"; };
		B6F758091EA617D8003F3611 /* MonsterListCell.xib */ = {isa = PBXFileReference; fileEncoding = 4; lastKnownFileType = file.xib; path = MonsterListCell.xib; sourceTree = "<group>"; };
/* End PBXFileReference section */

/* Begin PBXFrameworksBuildPhase section */
		B674B86C1E97892800960885 /* Frameworks */ = {
			isa = PBXFrameworksBuildPhase;
			buildActionMask = 2147483647;
			files = (
			);
			runOnlyForDeploymentPostprocessing = 0;
		};
/* End PBXFrameworksBuildPhase section */

/* Begin PBXGroup section */
		B674B8661E97892800960885 = {
			isa = PBXGroup;
			children = (
				B674B8711E97892800960885 /* Magictower */,
				B674B8701E97892800960885 /* Products */,
			);
			sourceTree = "<group>";
		};
		B674B8701E97892800960885 /* Products */ = {
			isa = PBXGroup;
			children = (
				B674B86F1E97892800960885 /* Magictower.app */,
			);
			name = Products;
			sourceTree = "<group>";
		};
		B674B8711E97892800960885 /* Magictower */ = {
			isa = PBXGroup;
			children = (
				B674B8721E97892800960885 /* AppDelegate.swift */,
				B674B8741E97892800960885 /* GameScene.sks */,
				B674B8761E97892800960885 /* Actions.sks */,
				B674B8781E97892800960885 /* GameScene.swift */,
				B674B87A1E97892800960885 /* GameViewController.swift */,
				B674B88C1E97898500960885 /* MonsterList.swift */,
				B674B88E1E9789F600960885 /* MonsterInfoModel.swift */,
				B6F758051EA60DE9003F3611 /* MonsterListCell.swift */,
				B6F758091EA617D8003F3611 /* MonsterListCell.xib */,
				B674B87C1E97892800960885 /* Main.storyboard */,
				B674B87F1E97892800960885 /* Assets.xcassets */,
				B674B8811E97892800960885 /* LaunchScreen.storyboard */,
				B674B8841E97892800960885 /* Info.plist */,
			);
			path = Magictower;
			sourceTree = "<group>";
		};
/* End PBXGroup section */

/* Begin PBXNativeTarget section */
		B674B86E1E97892800960885 /* Magictower */ = {
			isa = PBXNativeTarget;
			buildConfigurationList = B674B8871E97892800960885 /* Build configuration list for PBXNativeTarget "Magictower" */;
			buildPhases = (
				B674B86B1E97892800960885 /* Sources */,
				B674B86C1E97892800960885 /* Frameworks */,
				B674B86D1E97892800960885 /* Resources */,
			);
			buildRules = (
			);
			dependencies = (
			);
			name = Magictower;
			productName = Magictower;
			productReference = B674B86F1E97892800960885 /* Magictower.app */;
			productType = "com.apple.product-type.application";
		};
/* End PBXNativeTarget section */

/* Begin PBXProject section */
		B674B8671E97892800960885 /* Project object */ = {
			isa = PBXProject;
			attributes = {
				LastSwiftUpdateCheck = 0820;
				LastUpgradeCheck = 0820;
				ORGANIZATIONNAME = "胡杨林";
				TargetAttributes = {
					B674B86E1E97892800960885 = {
						CreatedOnToolsVersion = 8.2.1;
						DevelopmentTeam = HUH8GRN724;
						ProvisioningStyle = Automatic;
					};
				};
			};
			buildConfigurationList = B674B86A1E97892800960885 /* Build configuration list for PBXProject "Magictower" */;
			compatibilityVersion = "Xcode 3.2";
			developmentRegion = English;
			hasScannedForEncodings = 0;
			knownRegions = (
				en,
				Base,
			);
			mainGroup = B674B8661E97892800960885;
			productRefGroup = B674B8701E97892800960885 /* Products */;
			projectDirPath = "";
			projectRoot = "";
			targets = (
				B674B86E1E97892800960885 /* Magictower */,
			);
		};
/* End PBXProject section */

/* Begin PBXResourcesBuildPhase section */
		B674B86D1E97892800960885 /* Resources */ = {
			isa = PBXResourcesBuildPhase;
			buildActionMask = 2147483647;
			files = (
				B674B87E1E97892800960885 /* Main.storyboard in Resources */,
				B674B8751E97892800960885 /* GameScene.sks in Resources */,
				B674B8801E97892800960885 /* Assets.xcassets in Resources */,
				B674B8831E97892800960885 /* LaunchScreen.storyboard in Resources */,
				B6F7580A1EA617D8003F3611 /* MonsterListCell.xib in Resources */,
				B674B8771E97892800960885 /* Actions.sks in Resources */,
			);
			runOnlyForDeploymentPostprocessing = 0;
		};
/* End PBXResourcesBuildPhase section */

/* Begin PBXSourcesBuildPhase section */
		B674B86B1E97892800960885 /* Sources */ = {
			isa = PBXSourcesBuildPhase;
			buildActionMask = 2147483647;
			files = (
				B6F758061EA60DE9003F3611 /* MonsterListCell.swift in Sources */,
				B674B88D1E97898500960885 /* MonsterList.swift in Sources */,
				B674B8791E97892800960885 /* GameScene.swift in Sources */,
				B674B87B1E97892800960885 /* GameViewController.swift in Sources */,
				B674B88F1E9789F600960885 /* MonsterInfoModel.swift in Sources */,
				B674B8731E97892800960885 /* AppDelegate.swift in Sources */,
			);
			runOnlyForDeploymentPostprocessing = 0;
		};
/* End PBXSourcesBuildPhase section */

/* Begin PBXVariantGroup section */
		B674B87C1E97892800960885 /* Main.storyboard */ = {
			isa = PBXVariantGroup;
			children = (
				B674B87D1E97892800960885 /* Base */,
			);
			name = Main.storyboard;
			sourceTree = "<group>";
		};
		B674B8811E97892800960885 /* LaunchScreen.storyboard */ = {
			isa = PBXVariantGroup;
			children = (
				B674B8821E97892800960885 /* Base */,
			);
			name = LaunchScreen.storyboard;
			sourceTree = "<group>";
		};
/* End PBXVariantGroup section */

/* Begin XCBuildConfiguration section */
		B674B8851E97892800960885 /* Debug */ = {
			isa = XCBuildConfiguration;
			buildSettings = {
				ALWAYS_SEARCH_USER_PATHS = NO;
				CLANG_ANALYZER_NONNULL = YES;
				CLANG_CXX_LANGUAGE_STANDARD = "gnu++0x";
				CLANG_CXX_LIBRARY = "libc++";
				CLANG_ENABLE_MODULES = YES;
				CLANG_ENABLE_OBJC_ARC = YES;
				CLANG_WARN_BOOL_CONVERSION = YES;
				CLANG_WARN_CONSTANT_CONVERSION = YES;
				CLANG_WARN_DIRECT_OBJC_ISA_USAGE = YES_ERROR;
				CLANG_WARN_DOCUMENTATION_COMMENTS = YES;
				CLANG_WARN_EMPTY_BODY = YES;
				CLANG_WARN_ENUM_CONVERSION = YES;
				CLANG_WARN_INFINITE_RECURSION = YES;
				CLANG_WARN_INT_CONVERSION = YES;
				CLANG_WARN_OBJC_ROOT_CLASS = YES_ERROR;
				CLANG_WARN_SUSPICIOUS_MOVE = YES;
				CLANG_WARN_UNREACHABLE_CODE = YES;
				CLANG_WARN__DUPLICATE_METHOD_MATCH = YES;
				"CODE_SIGN_IDENTITY[sdk=iphoneos*]" = "iPhone Developer";
				COPY_PHASE_STRIP = NO;
				DEBUG_INFORMATION_FORMAT = dwarf;
				ENABLE_STRICT_OBJC_MSGSEND = YES;
				ENABLE_TESTABILITY = YES;
				GCC_C_LANGUAGE_STANDARD = gnu99;
				GCC_DYNAMIC_NO_PIC = NO;
				GCC_NO_COMMON_BLOCKS = YES;
				GCC_OPTIMIZATION_LEVEL = 0;
				GCC_PREPROCESSOR_DEFINITIONS = (
					"DEBUG=1",
					"$(inherited)",
				);
				GCC_WARN_64_TO_32_BIT_CONVERSION = YES;
				GCC_WARN_ABOUT_RETURN_TYPE = YES_ERROR;
				GCC_WARN_UNDECLARED_SELECTOR = YES;
				GCC_WARN_UNINITIALIZED_AUTOS = YES_AGGRESSIVE;
				GCC_WARN_UNUSED_FUNCTION = YES;
				GCC_WARN_UNUSED_VARIABLE = YES;
				IPHONEOS_DEPLOYMENT_TARGET = 10.2;
				MTL_ENABLE_DEBUG_INFO = YES;
				ONLY_ACTIVE_ARCH = YES;
				SDKROOT = iphoneos;
				SWIFT_ACTIVE_COMPILATION_CONDITIONS = DEBUG;
				SWIFT_OPTIMIZATION_LEVEL = "-Onone";
				TARGETED_DEVICE_FAMILY = "1,2";
			};
			name = Debug;
		};
		B674B8861E97892800960885 /* Release */ = {
			isa = XCBuildConfiguration;
			buildSettings = {
				ALWAYS_SEARCH_USER_PATHS = NO;
				CLANG_ANALYZER_NONNULL = YES;
				CLANG_CXX_LANGUAGE_STANDARD = "gnu++0x";
				CLANG_CXX_LIBRARY = "libc++";
				CLANG_ENABLE_MODULES = YES;
				CLANG_ENABLE_OBJC_ARC = YES;
				CLANG_WARN_BOOL_CONVERSION = YES;
				CLANG_WARN_CONSTANT_CONVERSION = YES;
				CLANG_WARN_DIRECT_OBJC_ISA_USAGE = YES_ERROR;
				CLANG_WARN_DOCUMENTATION_COMMENTS = YES;
				CLANG_WARN_EMPTY_BODY = YES;
				CLANG_WARN_ENUM_CONVERSION = YES;
				CLANG_WARN_INFINITE_RECURSION = YES;
				CLANG_WARN_INT_CONVERSION = YES;
				CLANG_WARN_OBJC_ROOT_CLASS = YES_ERROR;
				CLANG_WARN_SUSPICIOUS_MOVE = YES;
				CLANG_WARN_UNREACHABLE_CODE = YES;
				CLANG_WARN__DUPLICATE_METHOD_MATCH = YES;
				"CODE_SIGN_IDENTITY[sdk=iphoneos*]" = "iPhone Developer";
				COPY_PHASE_STRIP = NO;
				DEBUG_INFORMATION_FORMAT = "dwarf-with-dsym";
				ENABLE_NS_ASSERTIONS = NO;
				ENABLE_STRICT_OBJC_MSGSEND = YES;
				GCC_C_LANGUAGE_STANDARD = gnu99;
				GCC_NO_COMMON_BLOCKS = YES;
				GCC_WARN_64_TO_32_BIT_CONVERSION = YES;
				GCC_WARN_ABOUT_RETURN_TYPE = YES_ERROR;
				GCC_WARN_UNDECLARED_SELECTOR = YES;
				GCC_WARN_UNINITIALIZED_AUTOS = YES_AGGRESSIVE;
				GCC_WARN_UNUSED_FUNCTION = YES;
				GCC_WARN_UNUSED_VARIABLE = YES;
				IPHONEOS_DEPLOYMENT_TARGET = 10.2;
				MTL_ENABLE_DEBUG_INFO = NO;
				SDKROOT = iphoneos;
				SWIFT_OPTIMIZATION_LEVEL = "-Owholemodule";
				TARGETED_DEVICE_FAMILY = "1,2";
				VALIDATE_PRODUCT = YES;
			};
			name = Release;
		};
		B674B8881E97892800960885 /* Debug */ = {
			isa = XCBuildConfiguration;
			buildSettings = {
				ASSETCATALOG_COMPILER_APPICON_NAME = AppIcon;
				DEVELOPMENT_TEAM = HUH8GRN724;
				INFOPLIST_FILE = Magictower/Info.plist;
				LD_RUNPATH_SEARCH_PATHS = "$(inherited) @executable_path/Frameworks";
				PRODUCT_BUNDLE_IDENTIFIER = com.practice.testProject.Magictower;
				PRODUCT_NAME = "$(TARGET_NAME)";
				SWIFT_VERSION = 3.0;
			};
			name = Debug;
		};
		B674B8891E97892800960885 /* Release */ = {
			isa = XCBuildConfiguration;
			buildSettings = {
				ASSETCATALOG_COMPILER_APPICON_NAME = AppIcon;
				DEVELOPMENT_TEAM = HUH8GRN724;
				INFOPLIST_FILE = Magictower/Info.plist;
				LD_RUNPATH_SEARCH_PATHS = "$(inherited) @executable_path/Frameworks";
				PRODUCT_BUNDLE_IDENTIFIER = com.practice.testProject.Magictower;
				PRODUCT_NAME = "$(TARGET_NAME)";
				SWIFT_VERSION = 3.0;
			};
			name = Release;
		};
/* End XCBuildConfiguration section */

/* Begin XCConfigurationList section */
		B674B86A1E97892800960885 /* Build configuration list for PBXProject "Magictower" */ = {
			isa = XCConfigurationList;
			buildConfigurations = (
				B674B8851E97892800960885 /* Debug */,
				B674B8861E97892800960885 /* Release */,
			);
			defaultConfigurationIsVisible = 0;
			defaultConfigurationName = Release;
		};
		B674B8871E97892800960885 /* Build configuration list for PBXNativeTarget "Magictower" */ = {
			isa = XCConfigurationList;
			buildConfigurations = (
				B674B8881E97892800960885 /* Debug */,
				B674B8891E97892800960885 /* Release */,
			);
			defaultConfigurationIsVisible = 0;
			defaultConfigurationName = Release;
		};
/* End XCConfigurationList section */
	};
	rootObject = B674B8671E97892800960885 /* Project object */;
}
