// !$*UTF8*$!
{
	archiveVersion = 1;
	classes = {
	};
	objectVersion = 46;
	objects = {

/* Begin PBXBuildFile section */
		B604389D1F55AA3500BDF703 /* ball.png in Resources */ = {isa = PBXBuildFile; fileRef = B604389C1F55AA3500BDF703 /* ball.png */; };
		B604389F1F55B03100BDF703 /* ball2.png in Resources */ = {isa = PBXBuildFile; fileRef = B604389E1F55B03100BDF703 /* ball2.png */; };
		B61017D31F317F3000768B88 /* AppDelegate.swift in Sources */ = {isa = PBXBuildFile; fileRef = B61017D21F317F3000768B88 /* AppDelegate.swift */; };
		B61017D51F317F3000768B88 /* GameScene.sks in Resources */ = {isa = PBXBuildFile; fileRef = B61017D41F317F3000768B88 /* GameScene.sks */; };
		B61017D71F317F3000768B88 /* Actions.sks in Resources */ = {isa = PBXBuildFile; fileRef = B61017D61F317F3000768B88 /* Actions.sks */; };
		B61017D91F317F3000768B88 /* GameScene.swift in Sources */ = {isa = PBXBuildFile; fileRef = B61017D81F317F3000768B88 /* GameScene.swift */; };
		B61017DB1F317F3000768B88 /* GameViewController.swift in Sources */ = {isa = PBXBuildFile; fileRef = B61017DA1F317F3000768B88 /* GameViewController.swift */; };
		B61017DE1F317F3000768B88 /* Main.storyboard in Resources */ = {isa = PBXBuildFile; fileRef = B61017DC1F317F3000768B88 /* Main.storyboard */; };
		B61017E01F317F3000768B88 /* Assets.xcassets in Resources */ = {isa = PBXBuildFile; fileRef = B61017DF1F317F3000768B88 /* Assets.xcassets */; };
		B61017E31F317F3000768B88 /* LaunchScreen.storyboard in Resources */ = {isa = PBXBuildFile; fileRef = B61017E11F317F3000768B88 /* LaunchScreen.storyboard */; };
		B6E3BC9A1F56631D00AFD768 /* 球球 (0).png in Resources */ = {isa = PBXBuildFile; fileRef = B6E3BC901F56631D00AFD768 /* 球球 (0).png */; };
		B6E3BC9B1F56631D00AFD768 /* 球球 (1).png in Resources */ = {isa = PBXBuildFile; fileRef = B6E3BC911F56631D00AFD768 /* 球球 (1).png */; };
		B6E3BC9C1F56631D00AFD768 /* 球球 (2).png in Resources */ = {isa = PBXBuildFile; fileRef = B6E3BC921F56631D00AFD768 /* 球球 (2).png */; };
		B6E3BC9D1F56631D00AFD768 /* 球球 (3).png in Resources */ = {isa = PBXBuildFile; fileRef = B6E3BC931F56631D00AFD768 /* 球球 (3).png */; };
		B6E3BC9E1F56631D00AFD768 /* 球球 (4).png in Resources */ = {isa = PBXBuildFile; fileRef = B6E3BC941F56631D00AFD768 /* 球球 (4).png */; };
		B6E3BC9F1F56631D00AFD768 /* 球球 (5).png in Resources */ = {isa = PBXBuildFile; fileRef = B6E3BC951F56631D00AFD768 /* 球球 (5).png */; };
		B6E3BCA01F56631D00AFD768 /* 球球 (6).png in Resources */ = {isa = PBXBuildFile; fileRef = B6E3BC961F56631D00AFD768 /* 球球 (6).png */; };
		B6E3BCA11F56631D00AFD768 /* 球球 (7).png in Resources */ = {isa = PBXBuildFile; fileRef = B6E3BC971F56631D00AFD768 /* 球球 (7).png */; };
		B6E3BCA21F56631D00AFD768 /* 球球 (8).png in Resources */ = {isa = PBXBuildFile; fileRef = B6E3BC981F56631D00AFD768 /* 球球 (8).png */; };
		B6E3BCA31F56631D00AFD768 /* 球球 (9).png in Resources */ = {isa = PBXBuildFile; fileRef = B6E3BC991F56631D00AFD768 /* 球球 (9).png */; };
/* End PBXBuildFile section */

/* Begin PBXFileReference section */
		B604389C1F55AA3500BDF703 /* ball.png */ = {isa = PBXFileReference; lastKnownFileType = image.png; path = ball.png; sourceTree = "<group>"; };
		B604389E1F55B03100BDF703 /* ball2.png */ = {isa = PBXFileReference; lastKnownFileType = image.png; name = ball2.png; path = ../ball2.png; sourceTree = "<group>"; };
		B61017CF1F317F2F00768B88 /* billiards.app */ = {isa = PBXFileReference; explicitFileType = wrapper.application; includeInIndex = 0; path = billiards.app; sourceTree = BUILT_PRODUCTS_DIR; };
		B61017D21F317F3000768B88 /* AppDelegate.swift */ = {isa = PBXFileReference; lastKnownFileType = sourcecode.swift; path = AppDelegate.swift; sourceTree = "<group>"; };
		B61017D41F317F3000768B88 /* GameScene.sks */ = {isa = PBXFileReference; lastKnownFileType = file.sks; path = GameScene.sks; sourceTree = "<group>"; };
		B61017D61F317F3000768B88 /* Actions.sks */ = {isa = PBXFileReference; lastKnownFileType = file.sks; path = Actions.sks; sourceTree = "<group>"; };
		B61017D81F317F3000768B88 /* GameScene.swift */ = {isa = PBXFileReference; lastKnownFileType = sourcecode.swift; path = GameScene.swift; sourceTree = "<group>"; };
		B61017DA1F317F3000768B88 /* GameViewController.swift */ = {isa = PBXFileReference; lastKnownFileType = sourcecode.swift; path = GameViewController.swift; sourceTree = "<group>"; };
		B61017DD1F317F3000768B88 /* Base */ = {isa = PBXFileReference; lastKnownFileType = file.storyboard; name = Base; path = Base.lproj/Main.storyboard; sourceTree = "<group>"; };
		B61017DF1F317F3000768B88 /* Assets.xcassets */ = {isa = PBXFileReference; lastKnownFileType = folder.assetcatalog; path = Assets.xcassets; sourceTree = "<group>"; };
		B61017E21F317F3000768B88 /* Base */ = {isa = PBXFileReference; lastKnownFileType = file.storyboard; name = Base; path = Base.lproj/LaunchScreen.storyboard; sourceTree = "<group>"; };
		B61017E41F317F3000768B88 /* Info.plist */ = {isa = PBXFileReference; lastKnownFileType = text.plist.xml; path = Info.plist; sourceTree = "<group>"; };
		B6E3BC901F56631D00AFD768 /* 球球 (0).png */ = {isa = PBXFileReference; lastKnownFileType = image.png; path = "球球 (0).png"; sourceTree = "<group>"; };
		B6E3BC911F56631D00AFD768 /* 球球 (1).png */ = {isa = PBXFileReference; lastKnownFileType = image.png; path = "球球 (1).png"; sourceTree = "<group>"; };
		B6E3BC921F56631D00AFD768 /* 球球 (2).png */ = {isa = PBXFileReference; lastKnownFileType = image.png; path = "球球 (2).png"; sourceTree = "<group>"; };
		B6E3BC931F56631D00AFD768 /* 球球 (3).png */ = {isa = PBXFileReference; lastKnownFileType = image.png; path = "球球 (3).png"; sourceTree = "<group>"; };
		B6E3BC941F56631D00AFD768 /* 球球 (4).png */ = {isa = PBXFileReference; lastKnownFileType = image.png; path = "球球 (4).png"; sourceTree = "<group>"; };
		B6E3BC951F56631D00AFD768 /* 球球 (5).png */ = {isa = PBXFileReference; lastKnownFileType = image.png; path = "球球 (5).png"; sourceTree = "<group>"; };
		B6E3BC961F56631D00AFD768 /* 球球 (6).png */ = {isa = PBXFileReference; lastKnownFileType = image.png; path = "球球 (6).png"; sourceTree = "<group>"; };
		B6E3BC971F56631D00AFD768 /* 球球 (7).png */ = {isa = PBXFileReference; lastKnownFileType = image.png; path = "球球 (7).png"; sourceTree = "<group>"; };
		B6E3BC981F56631D00AFD768 /* 球球 (8).png */ = {isa = PBXFileReference; lastKnownFileType = image.png; path = "球球 (8).png"; sourceTree = "<group>"; };
		B6E3BC991F56631D00AFD768 /* 球球 (9).png */ = {isa = PBXFileReference; lastKnownFileType = image.png; path = "球球 (9).png"; sourceTree = "<group>"; };
/* End PBXFileReference section */

/* Begin PBXFrameworksBuildPhase section */
		B61017CC1F317F2F00768B88 /* Frameworks */ = {
			isa = PBXFrameworksBuildPhase;
			buildActionMask = 2147483647;
			files = (
			);
			runOnlyForDeploymentPostprocessing = 0;
		};
/* End PBXFrameworksBuildPhase section */

/* Begin PBXGroup section */
		B61017C61F317F2F00768B88 = {
			isa = PBXGroup;
			children = (
				B61017D11F317F2F00768B88 /* billiards */,
				B61017D01F317F2F00768B88 /* Products */,
			);
			sourceTree = "<group>";
		};
		B61017D01F317F2F00768B88 /* Products */ = {
			isa = PBXGroup;
			children = (
				B61017CF1F317F2F00768B88 /* billiards.app */,
			);
			name = Products;
			sourceTree = "<group>";
		};
		B61017D11F317F2F00768B88 /* billiards */ = {
			isa = PBXGroup;
			children = (
				B61017D21F317F3000768B88 /* AppDelegate.swift */,
				B61017D41F317F3000768B88 /* GameScene.sks */,
				B61017D61F317F3000768B88 /* Actions.sks */,
				B61017D81F317F3000768B88 /* GameScene.swift */,
				B61017DA1F317F3000768B88 /* GameViewController.swift */,
				B61017DC1F317F3000768B88 /* Main.storyboard */,
				B604389C1F55AA3500BDF703 /* ball.png */,
				B604389E1F55B03100BDF703 /* ball2.png */,
				B61017DF1F317F3000768B88 /* Assets.xcassets */,
				B6E3BC901F56631D00AFD768 /* 球球 (0).png */,
				B6E3BC911F56631D00AFD768 /* 球球 (1).png */,
				B6E3BC921F56631D00AFD768 /* 球球 (2).png */,
				B6E3BC931F56631D00AFD768 /* 球球 (3).png */,
				B6E3BC941F56631D00AFD768 /* 球球 (4).png */,
				B6E3BC951F56631D00AFD768 /* 球球 (5).png */,
				B6E3BC961F56631D00AFD768 /* 球球 (6).png */,
				B6E3BC971F56631D00AFD768 /* 球球 (7).png */,
				B6E3BC981F56631D00AFD768 /* 球球 (8).png */,
				B6E3BC991F56631D00AFD768 /* 球球 (9).png */,
				B61017E11F317F3000768B88 /* LaunchScreen.storyboard */,
				B61017E41F317F3000768B88 /* Info.plist */,
			);
			path = billiards;
			sourceTree = "<group>";
		};
/* End PBXGroup section */

/* Begin PBXNativeTarget section */
		B61017CE1F317F2F00768B88 /* billiards */ = {
			isa = PBXNativeTarget;
			buildConfigurationList = B61017E71F317F3000768B88 /* Build configuration list for PBXNativeTarget "billiards" */;
			buildPhases = (
				B61017CB1F317F2F00768B88 /* Sources */,
				B61017CC1F317F2F00768B88 /* Frameworks */,
				B61017CD1F317F2F00768B88 /* Resources */,
			);
			buildRules = (
			);
			dependencies = (
			);
			name = billiards;
			productName = billiards;
			productReference = B61017CF1F317F2F00768B88 /* billiards.app */;
			productType = "com.apple.product-type.application";
		};
/* End PBXNativeTarget section */

/* Begin PBXProject section */
		B61017C71F317F2F00768B88 /* Project object */ = {
			isa = PBXProject;
			attributes = {
				LastSwiftUpdateCheck = 0830;
				LastUpgradeCheck = 0830;
				ORGANIZATIONNAME = "胡杨林";
				TargetAttributes = {
					B61017CE1F317F2F00768B88 = {
						CreatedOnToolsVersion = 8.3.3;
						DevelopmentTeam = HUH8GRN724;
						ProvisioningStyle = Automatic;
					};
				};
			};
			buildConfigurationList = B61017CA1F317F2F00768B88 /* Build configuration list for PBXProject "billiards" */;
			compatibilityVersion = "Xcode 3.2";
			developmentRegion = English;
			hasScannedForEncodings = 0;
			knownRegions = (
				en,
				Base,
			);
			mainGroup = B61017C61F317F2F00768B88;
			productRefGroup = B61017D01F317F2F00768B88 /* Products */;
			projectDirPath = "";
			projectRoot = "";
			targets = (
				B61017CE1F317F2F00768B88 /* billiards */,
			);
		};
/* End PBXProject section */

/* Begin PBXResourcesBuildPhase section */
		B61017CD1F317F2F00768B88 /* Resources */ = {
			isa = PBXResourcesBuildPhase;
			buildActionMask = 2147483647;
			files = (
				B61017DE1F317F3000768B88 /* Main.storyboard in Resources */,
				B6E3BCA11F56631D00AFD768 /* 球球 (7).png in Resources */,
				B6E3BC9B1F56631D00AFD768 /* 球球 (1).png in Resources */,
				B61017D51F317F3000768B88 /* GameScene.sks in Resources */,
				B604389D1F55AA3500BDF703 /* ball.png in Resources */,
				B6E3BCA01F56631D00AFD768 /* 球球 (6).png in Resources */,
				B6E3BC9E1F56631D00AFD768 /* 球球 (4).png in Resources */,
				B61017E01F317F3000768B88 /* Assets.xcassets in Resources */,
				B6E3BC9D1F56631D00AFD768 /* 球球 (3).png in Resources */,
				B6E3BC9A1F56631D00AFD768 /* 球球 (0).png in Resources */,
				B6E3BC9C1F56631D00AFD768 /* 球球 (2).png in Resources */,
				B6E3BCA31F56631D00AFD768 /* 球球 (9).png in Resources */,
				B61017E31F317F3000768B88 /* LaunchScreen.storyboard in Resources */,
				B6E3BCA21F56631D00AFD768 /* 球球 (8).png in Resources */,
				B604389F1F55B03100BDF703 /* ball2.png in Resources */,
				B6E3BC9F1F56631D00AFD768 /* 球球 (5).png in Resources */,
				B61017D71F317F3000768B88 /* Actions.sks in Resources */,
			);
			runOnlyForDeploymentPostprocessing = 0;
		};
/* End PBXResourcesBuildPhase section */

/* Begin PBXSourcesBuildPhase section */
		B61017CB1F317F2F00768B88 /* Sources */ = {
			isa = PBXSourcesBuildPhase;
			buildActionMask = 2147483647;
			files = (
				B61017D91F317F3000768B88 /* GameScene.swift in Sources */,
				B61017DB1F317F3000768B88 /* GameViewController.swift in Sources */,
				B61017D31F317F3000768B88 /* AppDelegate.swift in Sources */,
			);
			runOnlyForDeploymentPostprocessing = 0;
		};
/* End PBXSourcesBuildPhase section */

/* Begin PBXVariantGroup section */
		B61017DC1F317F3000768B88 /* Main.storyboard */ = {
			isa = PBXVariantGroup;
			children = (
				B61017DD1F317F3000768B88 /* Base */,
			);
			name = Main.storyboard;
			sourceTree = "<group>";
		};
		B61017E11F317F3000768B88 /* LaunchScreen.storyboard */ = {
			isa = PBXVariantGroup;
			children = (
				B61017E21F317F3000768B88 /* Base */,
			);
			name = LaunchScreen.storyboard;
			sourceTree = "<group>";
		};
/* End PBXVariantGroup section */

/* Begin XCBuildConfiguration section */
		B61017E51F317F3000768B88 /* Debug */ = {
			isa = XCBuildConfiguration;
			buildSettings = {
				ALWAYS_SEARCH_USER_PATHS = NO;
				CLANG_ANALYZER_NONNULL = YES;
				CLANG_ANALYZER_NUMBER_OBJECT_CONVERSION = YES_AGGRESSIVE;
				CLANG_CXX_LANGUAGE_STANDARD = "gnu++0x";
				CLANG_CXX_LIBRARY = "libc++";
				CLANG_ENABLE_MODULES = YES;
				CLANG_ENABLE_OBJC_ARC = YES;
				CLANG_WARN_BOOL_CONVERSION = YES;
				CLANG_WARN_CONSTANT_CONVERSION = YES;
				CLANG_WARN_DIRECT_OBJC_ISA_USAGE = YES_ERROR;
				CLANG_WARN_DOCUMENTATION_COMMENTS = YES;
				CLANG_WARN_EMPTY_BODY = YES;
				CLANG_WARN_ENUM_CONVERSION = YES;
				CLANG_WARN_INFINITE_RECURSION = YES;
				CLANG_WARN_INT_CONVERSION = YES;
				CLANG_WARN_OBJC_ROOT_CLASS = YES_ERROR;
				CLANG_WARN_SUSPICIOUS_MOVE = YES;
				CLANG_WARN_UNREACHABLE_CODE = YES;
				CLANG_WARN__DUPLICATE_METHOD_MATCH = YES;
				"CODE_SIGN_IDENTITY[sdk=iphoneos*]" = "iPhone Developer";
				COPY_PHASE_STRIP = NO;
				DEBUG_INFORMATION_FORMAT = dwarf;
				ENABLE_STRICT_OBJC_MSGSEND = YES;
				ENABLE_TESTABILITY = YES;
				GCC_C_LANGUAGE_STANDARD = gnu99;
				GCC_DYNAMIC_NO_PIC = NO;
				GCC_NO_COMMON_BLOCKS = YES;
				GCC_OPTIMIZATION_LEVEL = 0;
				GCC_PREPROCESSOR_DEFINITIONS = (
					"DEBUG=1",
					"$(inherited)",
				);
				GCC_WARN_64_TO_32_BIT_CONVERSION = YES;
				GCC_WARN_ABOUT_RETURN_TYPE = YES_ERROR;
				GCC_WARN_UNDECLARED_SELECTOR = YES;
				GCC_WARN_UNINITIALIZED_AUTOS = YES_AGGRESSIVE;
				GCC_WARN_UNUSED_FUNCTION = YES;
				GCC_WARN_UNUSED_VARIABLE = YES;
				IPHONEOS_DEPLOYMENT_TARGET = 10.3;
				MTL_ENABLE_DEBUG_INFO = YES;
				ONLY_ACTIVE_ARCH = YES;
				SDKROOT = iphoneos;
				SWIFT_ACTIVE_COMPILATION_CONDITIONS = DEBUG;
				SWIFT_OPTIMIZATION_LEVEL = "-Onone";
				TARGETED_DEVICE_FAMILY = "1,2";
			};
			name = Debug;
		};
		B61017E61F317F3000768B88 /* Release */ = {
			isa = XCBuildConfiguration;
			buildSettings = {
				ALWAYS_SEARCH_USER_PATHS = NO;
				CLANG_ANALYZER_NONNULL = YES;
				CLANG_ANALYZER_NUMBER_OBJECT_CONVERSION = YES_AGGRESSIVE;
				CLANG_CXX_LANGUAGE_STANDARD = "gnu++0x";
				CLANG_CXX_LIBRARY = "libc++";
				CLANG_ENABLE_MODULES = YES;
				CLANG_ENABLE_OBJC_ARC = YES;
				CLANG_WARN_BOOL_CONVERSION = YES;
				CLANG_WARN_CONSTANT_CONVERSION = YES;
				CLANG_WARN_DIRECT_OBJC_ISA_USAGE = YES_ERROR;
				CLANG_WARN_DOCUMENTATION_COMMENTS = YES;
				CLANG_WARN_EMPTY_BODY = YES;
				CLANG_WARN_ENUM_CONVERSION = YES;
				CLANG_WARN_INFINITE_RECURSION = YES;
				CLANG_WARN_INT_CONVERSION = YES;
				CLANG_WARN_OBJC_ROOT_CLASS = YES_ERROR;
				CLANG_WARN_SUSPICIOUS_MOVE = YES;
				CLANG_WARN_UNREACHABLE_CODE = YES;
				CLANG_WARN__DUPLICATE_METHOD_MATCH = YES;
				"CODE_SIGN_IDENTITY[sdk=iphoneos*]" = "iPhone Developer";
				COPY_PHASE_STRIP = NO;
				DEBUG_INFORMATION_FORMAT = "dwarf-with-dsym";
				ENABLE_NS_ASSERTIONS = NO;
				ENABLE_STRICT_OBJC_MSGSEND = YES;
				GCC_C_LANGUAGE_STANDARD = gnu99;
				GCC_NO_COMMON_BLOCKS = YES;
				GCC_WARN_64_TO_32_BIT_CONVERSION = YES;
				GCC_WARN_ABOUT_RETURN_TYPE = YES_ERROR;
				GCC_WARN_UNDECLARED_SELECTOR = YES;
				GCC_WARN_UNINITIALIZED_AUTOS = YES_AGGRESSIVE;
				GCC_WARN_UNUSED_FUNCTION = YES;
				GCC_WARN_UNUSED_VARIABLE = YES;
				IPHONEOS_DEPLOYMENT_TARGET = 10.3;
				MTL_ENABLE_DEBUG_INFO = NO;
				SDKROOT = iphoneos;
				SWIFT_OPTIMIZATION_LEVEL = "-Owholemodule";
				TARGETED_DEVICE_FAMILY = "1,2";
				VALIDATE_PRODUCT = YES;
			};
			name = Release;
		};
		B61017E81F317F3000768B88 /* Debug */ = {
			isa = XCBuildConfiguration;
			buildSettings = {
				ASSETCATALOG_COMPILER_APPICON_NAME = AppIcon;
				DEVELOPMENT_TEAM = HUH8GRN724;
				INFOPLIST_FILE = billiards/Info.plist;
				LD_RUNPATH_SEARCH_PATHS = "$(inherited) @executable_path/Frameworks";
				PRODUCT_BUNDLE_IDENTIFIER = com.practice.testProject.billiards;
				PRODUCT_NAME = "$(TARGET_NAME)";
				SWIFT_VERSION = 3.0;
			};
			name = Debug;
		};
		B61017E91F317F3000768B88 /* Release */ = {
			isa = XCBuildConfiguration;
			buildSettings = {
				ASSETCATALOG_COMPILER_APPICON_NAME = AppIcon;
				DEVELOPMENT_TEAM = HUH8GRN724;
				INFOPLIST_FILE = billiards/Info.plist;
				LD_RUNPATH_SEARCH_PATHS = "$(inherited) @executable_path/Frameworks";
				PRODUCT_BUNDLE_IDENTIFIER = com.practice.testProject.billiards;
				PRODUCT_NAME = "$(TARGET_NAME)";
				SWIFT_VERSION = 3.0;
			};
			name = Release;
		};
/* End XCBuildConfiguration section */

/* Begin XCConfigurationList section */
		B61017CA1F317F2F00768B88 /* Build configuration list for PBXProject "billiards" */ = {
			isa = XCConfigurationList;
			buildConfigurations = (
				B61017E51F317F3000768B88 /* Debug */,
				B61017E61F317F3000768B88 /* Release */,
			);
			defaultConfigurationIsVisible = 0;
			defaultConfigurationName = Release;
		};
		B61017E71F317F3000768B88 /* Build configuration list for PBXNativeTarget "billiards" */ = {
			isa = XCConfigurationList;
			buildConfigurations = (
				B61017E81F317F3000768B88 /* Debug */,
				B61017E91F317F3000768B88 /* Release */,
			);
			defaultConfigurationIsVisible = 0;
			defaultConfigurationName = Release;
		};
/* End XCConfigurationList section */
	};
	rootObject = B61017C71F317F2F00768B88 /* Project object */;
}
