// !$*UTF8*$!
{
	archiveVersion = 1;
	classes = {
	};
	objectVersion = 46;
	objects = {

/* Begin PBXBuildFile section */
		B63D77B51E7FD66A00A19546 /* AppDelegate.swift in Sources */ = {isa = PBXBuildFile; fileRef = B63D77B41E7FD66A00A19546 /* AppDelegate.swift */; };
		B63D77B71E7FD66A00A19546 /* GameScene.sks in Resources */ = {isa = PBXBuildFile; fileRef = B63D77B61E7FD66A00A19546 /* GameScene.sks */; };
		B63D77B91E7FD66A00A19546 /* Actions.sks in Resources */ = {isa = PBXBuildFile; fileRef = B63D77B81E7FD66A00A19546 /* Actions.sks */; };
		B63D77BB1E7FD66A00A19546 /* GameScene.swift in Sources */ = {isa = PBXBuildFile; fileRef = B63D77BA1E7FD66A00A19546 /* GameScene.swift */; };
		B63D77BD1E7FD66A00A19546 /* GameViewController.swift in Sources */ = {isa = PBXBuildFile; fileRef = B63D77BC1E7FD66A00A19546 /* GameViewController.swift */; };
		B63D77C01E7FD66A00A19546 /* Main.storyboard in Resources */ = {isa = PBXBuildFile; fileRef = B63D77BE1E7FD66A00A19546 /* Main.storyboard */; };
		B63D77C21E7FD66A00A19546 /* Assets.xcassets in Resources */ = {isa = PBXBuildFile; fileRef = B63D77C11E7FD66A00A19546 /* Assets.xcassets */; };
		B63D77C51E7FD66B00A19546 /* LaunchScreen.storyboard in Resources */ = {isa = PBXBuildFile; fileRef = B63D77C31E7FD66B00A19546 /* LaunchScreen.storyboard */; };
		B63D77CF1E7FD6EC00A19546 /* scenery.atlas in Resources */ = {isa = PBXBuildFile; fileRef = B63D77CE1E7FD6EC00A19546 /* scenery.atlas */; };
		B63D77D31E7FD95700A19546 /* scenery.atlas in Resources */ = {isa = PBXBuildFile; fileRef = B63D77D21E7FD95700A19546 /* scenery.atlas */; };
		B63D77D51E7FD96F00A19546 /* TileMapLayer.swift in Sources */ = {isa = PBXBuildFile; fileRef = B63D77D41E7FD96F00A19546 /* TileMapLayer.swift */; };
		B6BDFBB51E83D62D00EBD731 /* level3.tmx in Resources */ = {isa = PBXBuildFile; fileRef = B6BDFBB41E83D62D00EBD731 /* level3.tmx */; };
		B6BDFBB91E83D63200EBD731 /* tmx-bg-tiles.1.png in Resources */ = {isa = PBXBuildFile; fileRef = B6BDFBB71E83D63200EBD731 /* tmx-bg-tiles.1.png */; };
		B6BDFBBA1E83D63200EBD731 /* tmx-bg-tiles.plist in Resources */ = {isa = PBXBuildFile; fileRef = B6BDFBB81E83D63200EBD731 /* tmx-bg-tiles.plist */; };
		B6BDFBBD1E83D71800EBD731 /* libz.tbd in Frameworks */ = {isa = PBXBuildFile; fileRef = B6BDFBBC1E83D71800EBD731 /* libz.tbd */; };
		B6C8F2071E826F6600FBB15B /* background.txt in Resources */ = {isa = PBXBuildFile; fileRef = B6C8F2061E826F6600FBB15B /* background.txt */; };
		B6C8F2091E82704A00FBB15B /* File.swift in Sources */ = {isa = PBXBuildFile; fileRef = B6C8F2081E82704A00FBB15B /* File.swift */; };
/* End PBXBuildFile section */

/* Begin PBXFileReference section */
		B63D77B11E7FD66A00A19546 /* TileMap.app */ = {isa = PBXFileReference; explicitFileType = wrapper.application; includeInIndex = 0; path = TileMap.app; sourceTree = BUILT_PRODUCTS_DIR; };
		B63D77B41E7FD66A00A19546 /* AppDelegate.swift */ = {isa = PBXFileReference; lastKnownFileType = sourcecode.swift; path = AppDelegate.swift; sourceTree = "<group>"; };
		B63D77B61E7FD66A00A19546 /* GameScene.sks */ = {isa = PBXFileReference; lastKnownFileType = file.sks; path = GameScene.sks; sourceTree = "<group>"; };
		B63D77B81E7FD66A00A19546 /* Actions.sks */ = {isa = PBXFileReference; lastKnownFileType = file.sks; path = Actions.sks; sourceTree = "<group>"; };
		B63D77BA1E7FD66A00A19546 /* GameScene.swift */ = {isa = PBXFileReference; lastKnownFileType = sourcecode.swift; path = GameScene.swift; sourceTree = "<group>"; };
		B63D77BC1E7FD66A00A19546 /* GameViewController.swift */ = {isa = PBXFileReference; lastKnownFileType = sourcecode.swift; path = GameViewController.swift; sourceTree = "<group>"; };
		B63D77BF1E7FD66A00A19546 /* Base */ = {isa = PBXFileReference; lastKnownFileType = file.storyboard; name = Base; path = Base.lproj/Main.storyboard; sourceTree = "<group>"; };
		B63D77C11E7FD66A00A19546 /* Assets.xcassets */ = {isa = PBXFileReference; lastKnownFileType = folder.assetcatalog; path = Assets.xcassets; sourceTree = "<group>"; };
		B63D77C41E7FD66B00A19546 /* Base */ = {isa = PBXFileReference; lastKnownFileType = file.storyboard; name = Base; path = Base.lproj/LaunchScreen.storyboard; sourceTree = "<group>"; };
		B63D77C61E7FD66B00A19546 /* Info.plist */ = {isa = PBXFileReference; lastKnownFileType = text.plist.xml; path = Info.plist; sourceTree = "<group>"; };
		B63D77CE1E7FD6EC00A19546 /* scenery.atlas */ = {isa = PBXFileReference; lastKnownFileType = folder.skatlas; path = scenery.atlas; sourceTree = "<group>"; };
		B63D77D21E7FD95700A19546 /* scenery.atlas */ = {isa = PBXFileReference; lastKnownFileType = folder.skatlas; path = scenery.atlas; sourceTree = "<group>"; };
		B63D77D41E7FD96F00A19546 /* TileMapLayer.swift */ = {isa = PBXFileReference; fileEncoding = 4; lastKnownFileType = sourcecode.swift; path = TileMapLayer.swift; sourceTree = "<group>"; };
		B6BDFBB41E83D62D00EBD731 /* level3.tmx */ = {isa = PBXFileReference; fileEncoding = 4; lastKnownFileType = text.xml; path = level3.tmx; sourceTree = "<group>"; };
		B6BDFBB71E83D63200EBD731 /* tmx-bg-tiles.1.png */ = {isa = PBXFileReference; lastKnownFileType = image.png; path = "tmx-bg-tiles.1.png"; sourceTree = "<group>"; };
		B6BDFBB81E83D63200EBD731 /* tmx-bg-tiles.plist */ = {isa = PBXFileReference; fileEncoding = 4; lastKnownFileType = text.plist.xml; path = "tmx-bg-tiles.plist"; sourceTree = "<group>"; };
		B6BDFBBC1E83D71800EBD731 /* libz.tbd */ = {isa = PBXFileReference; lastKnownFileType = "sourcecode.text-based-dylib-definition"; name = libz.tbd; path = usr/lib/libz.tbd; sourceTree = SDKROOT; };
		B6C8F2061E826F6600FBB15B /* background.txt */ = {isa = PBXFileReference; fileEncoding = 4; lastKnownFileType = text; path = background.txt; sourceTree = "<group>"; };
		B6C8F2081E82704A00FBB15B /* File.swift */ = {isa = PBXFileReference; fileEncoding = 4; lastKnownFileType = sourcecode.swift; path = File.swift; sourceTree = "<group>"; };
/* End PBXFileReference section */

/* Begin PBXFrameworksBuildPhase section */
		B63D77AE1E7FD66A00A19546 /* Frameworks */ = {
			isa = PBXFrameworksBuildPhase;
			buildActionMask = 2147483647;
			files = (
				B6BDFBBD1E83D71800EBD731 /* libz.tbd in Frameworks */,
			);
			runOnlyForDeploymentPostprocessing = 0;
		};
/* End PBXFrameworksBuildPhase section */

/* Begin PBXGroup section */
		B63D77A81E7FD66A00A19546 = {
			isa = PBXGroup;
			children = (
				B63D77B31E7FD66A00A19546 /* TileMap */,
				B63D77B21E7FD66A00A19546 /* Products */,
				B6BDFBBB1E83D71800EBD731 /* Frameworks */,
			);
			sourceTree = "<group>";
		};
		B63D77B21E7FD66A00A19546 /* Products */ = {
			isa = PBXGroup;
			children = (
				B63D77B11E7FD66A00A19546 /* TileMap.app */,
			);
			name = Products;
			sourceTree = "<group>";
		};
		B63D77B31E7FD66A00A19546 /* TileMap */ = {
			isa = PBXGroup;
			children = (
				B63D77D21E7FD95700A19546 /* scenery.atlas */,
				B63D77CC1E7FD69600A19546 /* SKTUtils */,
				B63D77B41E7FD66A00A19546 /* AppDelegate.swift */,
				B63D77B61E7FD66A00A19546 /* GameScene.sks */,
				B63D77B81E7FD66A00A19546 /* Actions.sks */,
				B63D77BA1E7FD66A00A19546 /* GameScene.swift */,
				B6BDFBB61E83D63200EBD731 /* tmx-bg-tiles.atlasc */,
				B6C8F2081E82704A00FBB15B /* File.swift */,
				B63D77BC1E7FD66A00A19546 /* GameViewController.swift */,
				B63D77BE1E7FD66A00A19546 /* Main.storyboard */,
				B63D77CE1E7FD6EC00A19546 /* scenery.atlas */,
				B63D77C11E7FD66A00A19546 /* Assets.xcassets */,
				B6BDFBB41E83D62D00EBD731 /* level3.tmx */,
				B63D77C31E7FD66B00A19546 /* LaunchScreen.storyboard */,
				B63D77C61E7FD66B00A19546 /* Info.plist */,
				B63D77D41E7FD96F00A19546 /* TileMapLayer.swift */,
				B6C8F2061E826F6600FBB15B /* background.txt */,
			);
			path = TileMap;
			sourceTree = "<group>";
		};
		B63D77CC1E7FD69600A19546 /* SKTUtils */ = {
			isa = PBXGroup;
			children = (
			);
			name = SKTUtils;
			sourceTree = "<group>";
		};
		B6BDFBB61E83D63200EBD731 /* tmx-bg-tiles.atlasc */ = {
			isa = PBXGroup;
			children = (
				B6BDFBB71E83D63200EBD731 /* tmx-bg-tiles.1.png */,
				B6BDFBB81E83D63200EBD731 /* tmx-bg-tiles.plist */,
			);
			path = "tmx-bg-tiles.atlasc";
			sourceTree = "<group>";
		};
		B6BDFBBB1E83D71800EBD731 /* Frameworks */ = {
			isa = PBXGroup;
			children = (
				B6BDFBBC1E83D71800EBD731 /* libz.tbd */,
			);
			name = Frameworks;
			sourceTree = "<group>";
		};
/* End PBXGroup section */

/* Begin PBXNativeTarget section */
		B63D77B01E7FD66A00A19546 /* TileMap */ = {
			isa = PBXNativeTarget;
			buildConfigurationList = B63D77C91E7FD66B00A19546 /* Build configuration list for PBXNativeTarget "TileMap" */;
			buildPhases = (
				B63D77AD1E7FD66A00A19546 /* Sources */,
				B63D77AE1E7FD66A00A19546 /* Frameworks */,
				B63D77AF1E7FD66A00A19546 /* Resources */,
			);
			buildRules = (
			);
			dependencies = (
			);
			name = TileMap;
			productName = TileMap;
			productReference = B63D77B11E7FD66A00A19546 /* TileMap.app */;
			productType = "com.apple.product-type.application";
		};
/* End PBXNativeTarget section */

/* Begin PBXProject section */
		B63D77A91E7FD66A00A19546 /* Project object */ = {
			isa = PBXProject;
			attributes = {
				LastSwiftUpdateCheck = 0820;
				LastUpgradeCheck = 0820;
				ORGANIZATIONNAME = "胡杨林";
				TargetAttributes = {
					B63D77B01E7FD66A00A19546 = {
						CreatedOnToolsVersion = 8.2.1;
						DevelopmentTeam = HUH8GRN724;
						ProvisioningStyle = Automatic;
					};
				};
			};
			buildConfigurationList = B63D77AC1E7FD66A00A19546 /* Build configuration list for PBXProject "TileMap" */;
			compatibilityVersion = "Xcode 3.2";
			developmentRegion = English;
			hasScannedForEncodings = 0;
			knownRegions = (
				en,
				Base,
			);
			mainGroup = B63D77A81E7FD66A00A19546;
			productRefGroup = B63D77B21E7FD66A00A19546 /* Products */;
			projectDirPath = "";
			projectRoot = "";
			targets = (
				B63D77B01E7FD66A00A19546 /* TileMap */,
			);
		};
/* End PBXProject section */

/* Begin PBXResourcesBuildPhase section */
		B63D77AF1E7FD66A00A19546 /* Resources */ = {
			isa = PBXResourcesBuildPhase;
			buildActionMask = 2147483647;
			files = (
				B63D77C01E7FD66A00A19546 /* Main.storyboard in Resources */,
				B6BDFBB51E83D62D00EBD731 /* level3.tmx in Resources */,
				B6BDFBBA1E83D63200EBD731 /* tmx-bg-tiles.plist in Resources */,
				B63D77CF1E7FD6EC00A19546 /* scenery.atlas in Resources */,
				B63D77B71E7FD66A00A19546 /* GameScene.sks in Resources */,
				B63D77D31E7FD95700A19546 /* scenery.atlas in Resources */,
				B6C8F2071E826F6600FBB15B /* background.txt in Resources */,
				B63D77C21E7FD66A00A19546 /* Assets.xcassets in Resources */,
				B6BDFBB91E83D63200EBD731 /* tmx-bg-tiles.1.png in Resources */,
				B63D77C51E7FD66B00A19546 /* LaunchScreen.storyboard in Resources */,
				B63D77B91E7FD66A00A19546 /* Actions.sks in Resources */,
			);
			runOnlyForDeploymentPostprocessing = 0;
		};
/* End PBXResourcesBuildPhase section */

/* Begin PBXSourcesBuildPhase section */
		B63D77AD1E7FD66A00A19546 /* Sources */ = {
			isa = PBXSourcesBuildPhase;
			buildActionMask = 2147483647;
			files = (
				B6C8F2091E82704A00FBB15B /* File.swift in Sources */,
				B63D77BB1E7FD66A00A19546 /* GameScene.swift in Sources */,
				B63D77BD1E7FD66A00A19546 /* GameViewController.swift in Sources */,
				B63D77D51E7FD96F00A19546 /* TileMapLayer.swift in Sources */,
				B63D77B51E7FD66A00A19546 /* AppDelegate.swift in Sources */,
			);
			runOnlyForDeploymentPostprocessing = 0;
		};
/* End PBXSourcesBuildPhase section */

/* Begin PBXVariantGroup section */
		B63D77BE1E7FD66A00A19546 /* Main.storyboard */ = {
			isa = PBXVariantGroup;
			children = (
				B63D77BF1E7FD66A00A19546 /* Base */,
			);
			name = Main.storyboard;
			sourceTree = "<group>";
		};
		B63D77C31E7FD66B00A19546 /* LaunchScreen.storyboard */ = {
			isa = PBXVariantGroup;
			children = (
				B63D77C41E7FD66B00A19546 /* Base */,
			);
			name = LaunchScreen.storyboard;
			sourceTree = "<group>";
		};
/* End PBXVariantGroup section */

/* Begin XCBuildConfiguration section */
		B63D77C71E7FD66B00A19546 /* Debug */ = {
			isa = XCBuildConfiguration;
			buildSettings = {
				ALWAYS_SEARCH_USER_PATHS = NO;
				CLANG_ANALYZER_NONNULL = YES;
				CLANG_CXX_LANGUAGE_STANDARD = "gnu++0x";
				CLANG_CXX_LIBRARY = "libc++";
				CLANG_ENABLE_MODULES = YES;
				CLANG_ENABLE_OBJC_ARC = YES;
				CLANG_WARN_BOOL_CONVERSION = YES;
				CLANG_WARN_CONSTANT_CONVERSION = YES;
				CLANG_WARN_DIRECT_OBJC_ISA_USAGE = YES_ERROR;
				CLANG_WARN_DOCUMENTATION_COMMENTS = YES;
				CLANG_WARN_EMPTY_BODY = YES;
				CLANG_WARN_ENUM_CONVERSION = YES;
				CLANG_WARN_INFINITE_RECURSION = YES;
				CLANG_WARN_INT_CONVERSION = YES;
				CLANG_WARN_OBJC_ROOT_CLASS = YES_ERROR;
				CLANG_WARN_SUSPICIOUS_MOVE = YES;
				CLANG_WARN_UNREACHABLE_CODE = YES;
				CLANG_WARN__DUPLICATE_METHOD_MATCH = YES;
				"CODE_SIGN_IDENTITY[sdk=iphoneos*]" = "iPhone Developer";
				COPY_PHASE_STRIP = NO;
				DEBUG_INFORMATION_FORMAT = dwarf;
				ENABLE_STRICT_OBJC_MSGSEND = YES;
				ENABLE_TESTABILITY = YES;
				GCC_C_LANGUAGE_STANDARD = gnu99;
				GCC_DYNAMIC_NO_PIC = NO;
				GCC_NO_COMMON_BLOCKS = YES;
				GCC_OPTIMIZATION_LEVEL = 0;
				GCC_PREPROCESSOR_DEFINITIONS = (
					"DEBUG=1",
					"$(inherited)",
				);
				GCC_WARN_64_TO_32_BIT_CONVERSION = YES;
				GCC_WARN_ABOUT_RETURN_TYPE = YES_ERROR;
				GCC_WARN_UNDECLARED_SELECTOR = YES;
				GCC_WARN_UNINITIALIZED_AUTOS = YES_AGGRESSIVE;
				GCC_WARN_UNUSED_FUNCTION = YES;
				GCC_WARN_UNUSED_VARIABLE = YES;
				IPHONEOS_DEPLOYMENT_TARGET = 10.2;
				MTL_ENABLE_DEBUG_INFO = YES;
				ONLY_ACTIVE_ARCH = YES;
				SDKROOT = iphoneos;
				SWIFT_ACTIVE_COMPILATION_CONDITIONS = DEBUG;
				SWIFT_OPTIMIZATION_LEVEL = "-Onone";
				TARGETED_DEVICE_FAMILY = "1,2";
			};
			name = Debug;
		};
		B63D77C81E7FD66B00A19546 /* Release */ = {
			isa = XCBuildConfiguration;
			buildSettings = {
				ALWAYS_SEARCH_USER_PATHS = NO;
				CLANG_ANALYZER_NONNULL = YES;
				CLANG_CXX_LANGUAGE_STANDARD = "gnu++0x";
				CLANG_CXX_LIBRARY = "libc++";
				CLANG_ENABLE_MODULES = YES;
				CLANG_ENABLE_OBJC_ARC = YES;
				CLANG_WARN_BOOL_CONVERSION = YES;
				CLANG_WARN_CONSTANT_CONVERSION = YES;
				CLANG_WARN_DIRECT_OBJC_ISA_USAGE = YES_ERROR;
				CLANG_WARN_DOCUMENTATION_COMMENTS = YES;
				CLANG_WARN_EMPTY_BODY = YES;
				CLANG_WARN_ENUM_CONVERSION = YES;
				CLANG_WARN_INFINITE_RECURSION = YES;
				CLANG_WARN_INT_CONVERSION = YES;
				CLANG_WARN_OBJC_ROOT_CLASS = YES_ERROR;
				CLANG_WARN_SUSPICIOUS_MOVE = YES;
				CLANG_WARN_UNREACHABLE_CODE = YES;
				CLANG_WARN__DUPLICATE_METHOD_MATCH = YES;
				"CODE_SIGN_IDENTITY[sdk=iphoneos*]" = "iPhone Developer";
				COPY_PHASE_STRIP = NO;
				DEBUG_INFORMATION_FORMAT = "dwarf-with-dsym";
				ENABLE_NS_ASSERTIONS = NO;
				ENABLE_STRICT_OBJC_MSGSEND = YES;
				GCC_C_LANGUAGE_STANDARD = gnu99;
				GCC_NO_COMMON_BLOCKS = YES;
				GCC_WARN_64_TO_32_BIT_CONVERSION = YES;
				GCC_WARN_ABOUT_RETURN_TYPE = YES_ERROR;
				GCC_WARN_UNDECLARED_SELECTOR = YES;
				GCC_WARN_UNINITIALIZED_AUTOS = YES_AGGRESSIVE;
				GCC_WARN_UNUSED_FUNCTION = YES;
				GCC_WARN_UNUSED_VARIABLE = YES;
				IPHONEOS_DEPLOYMENT_TARGET = 10.2;
				MTL_ENABLE_DEBUG_INFO = NO;
				SDKROOT = iphoneos;
				SWIFT_OPTIMIZATION_LEVEL = "-Owholemodule";
				TARGETED_DEVICE_FAMILY = "1,2";
				VALIDATE_PRODUCT = YES;
			};
			name = Release;
		};
		B63D77CA1E7FD66B00A19546 /* Debug */ = {
			isa = XCBuildConfiguration;
			buildSettings = {
				ASSETCATALOG_COMPILER_APPICON_NAME = AppIcon;
				DEVELOPMENT_TEAM = HUH8GRN724;
				INFOPLIST_FILE = TileMap/Info.plist;
				LD_RUNPATH_SEARCH_PATHS = "$(inherited) @executable_path/Frameworks";
				PRODUCT_BUNDLE_IDENTIFIER = com.practice.testProject.TileMap;
				PRODUCT_NAME = "$(TARGET_NAME)";
				SWIFT_VERSION = 3.0;
			};
			name = Debug;
		};
		B63D77CB1E7FD66B00A19546 /* Release */ = {
			isa = XCBuildConfiguration;
			buildSettings = {
				ASSETCATALOG_COMPILER_APPICON_NAME = AppIcon;
				DEVELOPMENT_TEAM = HUH8GRN724;
				INFOPLIST_FILE = TileMap/Info.plist;
				LD_RUNPATH_SEARCH_PATHS = "$(inherited) @executable_path/Frameworks";
				PRODUCT_BUNDLE_IDENTIFIER = com.practice.testProject.TileMap;
				PRODUCT_NAME = "$(TARGET_NAME)";
				SWIFT_VERSION = 3.0;
			};
			name = Release;
		};
/* End XCBuildConfiguration section */

/* Begin XCConfigurationList section */
		B63D77AC1E7FD66A00A19546 /* Build configuration list for PBXProject "TileMap" */ = {
			isa = XCConfigurationList;
			buildConfigurations = (
				B63D77C71E7FD66B00A19546 /* Debug */,
				B63D77C81E7FD66B00A19546 /* Release */,
			);
			defaultConfigurationIsVisible = 0;
			defaultConfigurationName = Release;
		};
		B63D77C91E7FD66B00A19546 /* Build configuration list for PBXNativeTarget "TileMap" */ = {
			isa = XCConfigurationList;
			buildConfigurations = (
				B63D77CA1E7FD66B00A19546 /* Debug */,
				B63D77CB1E7FD66B00A19546 /* Release */,
			);
			defaultConfigurationIsVisible = 0;
			defaultConfigurationName = Release;
		};
/* End XCConfigurationList section */
	};
	rootObject = B63D77A91E7FD66A00A19546 /* Project object */;
}
